// !$*UTF8*$!
{
	archiveVersion = 1;
	classes = {
	};
	objectVersion = 46;
	objects = {

/* Begin PBXBuildFile section */
		406802D01F78933800A4235C /* main.m in Sources */ = {isa = PBXBuildFile; fileRef = 406802CF1F78933800A4235C /* main.m */; };
		406802D31F78933800A4235C /* AppDelegate.m in Sources */ = {isa = PBXBuildFile; fileRef = 406802D21F78933800A4235C /* AppDelegate.m */; };
		406802D61F78933800A4235C /* ViewController.m in Sources */ = {isa = PBXBuildFile; fileRef = 406802D51F78933800A4235C /* ViewController.m */; };
		406802D91F78933800A4235C /* Main.storyboard in Resources */ = {isa = PBXBuildFile; fileRef = 406802D71F78933800A4235C /* Main.storyboard */; };
		406802DB1F78933800A4235C /* Assets.xcassets in Resources */ = {isa = PBXBuildFile; fileRef = 406802DA1F78933800A4235C /* Assets.xcassets */; };
		406802DE1F78933800A4235C /* LaunchScreen.storyboard in Resources */ = {isa = PBXBuildFile; fileRef = 406802DC1F78933800A4235C /* LaunchScreen.storyboard */; };
		406802E91F78933800A4235C /* PHFCTests.m in Sources */ = {isa = PBXBuildFile; fileRef = 406802E81F78933800A4235C /* PHFCTests.m */; };
		406802F41F78933800A4235C /* PHFCUITests.m in Sources */ = {isa = PBXBuildFile; fileRef = 406802F31F78933800A4235C /* PHFCUITests.m */; };
/* End PBXBuildFile section */

/* Begin PBXContainerItemProxy section */
		406802E51F78933800A4235C /* PBXContainerItemProxy */ = {
			isa = PBXContainerItemProxy;
			containerPortal = 406802C31F78933800A4235C /* Project object */;
			proxyType = 1;
			remoteGlobalIDString = 406802CA1F78933800A4235C;
			remoteInfo = PHFC;
		};
		406802F01F78933800A4235C /* PBXContainerItemProxy */ = {
			isa = PBXContainerItemProxy;
			containerPortal = 406802C31F78933800A4235C /* Project object */;
			proxyType = 1;
			remoteGlobalIDString = 406802CA1F78933800A4235C;
			remoteInfo = PHFC;
		};
/* End PBXContainerItemProxy section */

/* Begin PBXFileReference section */
		406802CB1F78933800A4235C /* PHFC.app */ = {isa = PBXFileReference; explicitFileType = wrapper.application; includeInIndex = 0; path = PHFC.app; sourceTree = BUILT_PRODUCTS_DIR; };
		406802CF1F78933800A4235C /* main.m */ = {isa = PBXFileReference; lastKnownFileType = sourcecode.c.objc; path = main.m; sourceTree = "<group>"; };
		406802D11F78933800A4235C /* AppDelegate.h */ = {isa = PBXFileReference; lastKnownFileType = sourcecode.c.h; path = AppDelegate.h; sourceTree = "<group>"; };
		406802D21F78933800A4235C /* AppDelegate.m */ = {isa = PBXFileReference; lastKnownFileType = sourcecode.c.objc; path = AppDelegate.m; sourceTree = "<group>"; };
		406802D41F78933800A4235C /* ViewController.h */ = {isa = PBXFileReference; lastKnownFileType = sourcecode.c.h; path = ViewController.h; sourceTree = "<group>"; };
		406802D51F78933800A4235C /* ViewController.m */ = {isa = PBXFileReference; lastKnownFileType = sourcecode.c.objc; path = ViewController.m; sourceTree = "<group>"; };
		406802D81F78933800A4235C /* Base */ = {isa = PBXFileReference; lastKnownFileType = file.storyboard; name = Base; path = Base.lproj/Main.storyboard; sourceTree = "<group>"; };
		406802DA1F78933800A4235C /* Assets.xcassets */ = {isa = PBXFileReference; lastKnownFileType = folder.assetcatalog; path = Assets.xcassets; sourceTree = "<group>"; };
		406802DD1F78933800A4235C /* Base */ = {isa = PBXFileReference; lastKnownFileType = file.storyboard; name = Base; path = Base.lproj/LaunchScreen.storyboard; sourceTree = "<group>"; };
		406802DF1F78933800A4235C /* Info.plist */ = {isa = PBXFileReference; lastKnownFileType = text.plist.xml; path = Info.plist; sourceTree = "<group>"; };
		406802E41F78933800A4235C /* PHFCTests.xctest */ = {isa = PBXFileReference; explicitFileType = wrapper.cfbundle; includeInIndex = 0; path = PHFCTests.xctest; sourceTree = BUILT_PRODUCTS_DIR; };
		406802E81F78933800A4235C /* PHFCTests.m */ = {isa = PBXFileReference; lastKnownFileType = sourcecode.c.objc; path = PHFCTests.m; sourceTree = "<group>"; };
		406802EA1F78933800A4235C /* Info.plist */ = {isa = PBXFileReference; lastKnownFileType = text.plist.xml; path = Info.plist; sourceTree = "<group>"; };
		406802EF1F78933800A4235C /* PHFCUITests.xctest */ = {isa = PBXFileReference; explicitFileType = wrapper.cfbundle; includeInIndex = 0; path = PHFCUITests.xctest; sourceTree = BUILT_PRODUCTS_DIR; };
		406802F31F78933800A4235C /* PHFCUITests.m */ = {isa = PBXFileReference; lastKnownFileType = sourcecode.c.objc; path = PHFCUITests.m; sourceTree = "<group>"; };
		406802F51F78933800A4235C /* Info.plist */ = {isa = PBXFileReference; lastKnownFileType = text.plist.xml; path = Info.plist; sourceTree = "<group>"; };
/* End PBXFileReference section */

/* Begin PBXFrameworksBuildPhase section */
		406802C81F78933800A4235C /* Frameworks */ = {
			isa = PBXFrameworksBuildPhase;
			buildActionMask = 2147483647;
			files = (
			);
			runOnlyForDeploymentPostprocessing = 0;
		};
		406802E11F78933800A4235C /* Frameworks */ = {
			isa = PBXFrameworksBuildPhase;
			buildActionMask = 2147483647;
			files = (
			);
			runOnlyForDeploymentPostprocessing = 0;
		};
		406802EC1F78933800A4235C /* Frameworks */ = {
			isa = PBXFrameworksBuildPhase;
			buildActionMask = 2147483647;
			files = (
			);
			runOnlyForDeploymentPostprocessing = 0;
		};
/* End PBXFrameworksBuildPhase section */

/* Begin PBXGroup section */
		406802C21F78933800A4235C = {
			isa = PBXGroup;
			children = (
				406802CD1F78933800A4235C /* PHFC */,
				406802E71F78933800A4235C /* PHFCTests */,
				406802F21F78933800A4235C /* PHFCUITests */,
				406802CC1F78933800A4235C /* Products */,
			);
			sourceTree = "<group>";
		};
		406802CC1F78933800A4235C /* Products */ = {
			isa = PBXGroup;
			children = (
				406802CB1F78933800A4235C /* PHFC.app */,
				406802E41F78933800A4235C /* PHFCTests.xctest */,
				406802EF1F78933800A4235C /* PHFCUITests.xctest */,
			);
			name = Products;
			sourceTree = "<group>";
		};
		406802CD1F78933800A4235C /* PHFC */ = {
			isa = PBXGroup;
			children = (
				406802D11F78933800A4235C /* AppDelegate.h */,
				406802D21F78933800A4235C /* AppDelegate.m */,
				406802D41F78933800A4235C /* ViewController.h */,
				406802D51F78933800A4235C /* ViewController.m */,
				406802D71F78933800A4235C /* Main.storyboard */,
				406802DA1F78933800A4235C /* Assets.xcassets */,
				406802DC1F78933800A4235C /* LaunchScreen.storyboard */,
				406802DF1F78933800A4235C /* Info.plist */,
				406802CE1F78933800A4235C /* Supporting Files */,
			);
			path = PHFC;
			sourceTree = "<group>";
		};
		406802CE1F78933800A4235C /* Supporting Files */ = {
			isa = PBXGroup;
			children = (
				406802CF1F78933800A4235C /* main.m */,
			);
			name = "Supporting Files";
			sourceTree = "<group>";
		};
		406802E71F78933800A4235C /* PHFCTests */ = {
			isa = PBXGroup;
			children = (
				406802E81F78933800A4235C /* PHFCTests.m */,
				406802EA1F78933800A4235C /* Info.plist */,
			);
			path = PHFCTests;
			sourceTree = "<group>";
		};
		406802F21F78933800A4235C /* PHFCUITests */ = {
			isa = PBXGroup;
			children = (
				406802F31F78933800A4235C /* PHFCUITests.m */,
				406802F51F78933800A4235C /* Info.plist */,
			);
			path = PHFCUITests;
			sourceTree = "<group>";
		};
/* End PBXGroup section */

/* Begin PBXNativeTarget section */
		406802CA1F78933800A4235C /* PHFC */ = {
			isa = PBXNativeTarget;
			buildConfigurationList = 406802F81F78933800A4235C /* Build configuration list for PBXNativeTarget "PHFC" */;
			buildPhases = (
				406802C71F78933800A4235C /* Sources */,
				406802C81F78933800A4235C /* Frameworks */,
				406802C91F78933800A4235C /* Resources */,
			);
			buildRules = (
			);
			dependencies = (
			);
			name = PHFC;
			productName = PHFC;
			productReference = 406802CB1F78933800A4235C /* PHFC.app */;
			productType = "com.apple.product-type.application";
		};
		406802E31F78933800A4235C /* PHFCTests */ = {
			isa = PBXNativeTarget;
			buildConfigurationList = 406802FB1F78933800A4235C /* Build configuration list for PBXNativeTarget "PHFCTests" */;
			buildPhases = (
				406802E01F78933800A4235C /* Sources */,
				406802E11F78933800A4235C /* Frameworks */,
				406802E21F78933800A4235C /* Resources */,
			);
			buildRules = (
			);
			dependencies = (
				406802E61F78933800A4235C /* PBXTargetDependency */,
			);
			name = PHFCTests;
			productName = PHFCTests;
			productReference = 406802E41F78933800A4235C /* PHFCTests.xctest */;
			productType = "com.apple.product-type.bundle.unit-test";
		};
		406802EE1F78933800A4235C /* PHFCUITests */ = {
			isa = PBXNativeTarget;
			buildConfigurationList = 406802FE1F78933800A4235C /* Build configuration list for PBXNativeTarget "PHFCUITests" */;
			buildPhases = (
				406802EB1F78933800A4235C /* Sources */,
				406802EC1F78933800A4235C /* Frameworks */,
				406802ED1F78933800A4235C /* Resources */,
			);
			buildRules = (
			);
			dependencies = (
				406802F11F78933800A4235C /* PBXTargetDependency */,
			);
			name = PHFCUITests;
			productName = PHFCUITests;
			productReference = 406802EF1F78933800A4235C /* PHFCUITests.xctest */;
			productType = "com.apple.product-type.bundle.ui-testing";
		};
/* End PBXNativeTarget section */

/* Begin PBXProject section */
		406802C31F78933800A4235C /* Project object */ = {
			isa = PBXProject;
			attributes = {
				LastUpgradeCheck = 0830;
				ORGANIZATIONNAME = "平湖盛唐文化信息咨询有限公司";
				TargetAttributes = {
					406802CA1F78933800A4235C = {
						CreatedOnToolsVersion = 8.3.3;
						DevelopmentTeam = 83ERRR57X6;
						ProvisioningStyle = Automatic;
					};
					406802E31F78933800A4235C = {
						CreatedOnToolsVersion = 8.3.3;
						DevelopmentTeam = 83ERRR57X6;
						ProvisioningStyle = Automatic;
						TestTargetID = 406802CA1F78933800A4235C;
					};
					406802EE1F78933800A4235C = {
						CreatedOnToolsVersion = 8.3.3;
						DevelopmentTeam = 83ERRR57X6;
						ProvisioningStyle = Automatic;
						TestTargetID = 406802CA1F78933800A4235C;
					};
				};
			};
			buildConfigurationList = 406802C61F78933800A4235C /* Build configuration list for PBXProject "PHFC" */;
			compatibilityVersion = "Xcode 3.2";
			developmentRegion = English;
			hasScannedForEncodings = 0;
			knownRegions = (
				en,
				Base,
			);
			mainGroup = 406802C21F78933800A4235C;
			productRefGroup = 406802CC1F78933800A4235C /* Products */;
			projectDirPath = "";
			projectRoot = "";
			targets = (
				406802CA1F78933800A4235C /* PHFC */,
				406802E31F78933800A4235C /* PHFCTests */,
				406802EE1F78933800A4235C /* PHFCUITests */,
			);
		};
/* End PBXProject section */

/* Begin PBXResourcesBuildPhase section */
		406802C91F78933800A4235C /* Resources */ = {
			isa = PBXResourcesBuildPhase;
			buildActionMask = 2147483647;
			files = (
				406802DE1F78933800A4235C /* LaunchScreen.storyboard in Resources */,
				406802DB1F78933800A4235C /* Assets.xcassets in Resources */,
				406802D91F78933800A4235C /* Main.storyboard in Resources */,
			);
			runOnlyForDeploymentPostprocessing = 0;
		};
		406802E21F78933800A4235C /* Resources */ = {
			isa = PBXResourcesBuildPhase;
			buildActionMask = 2147483647;
			files = (
			);
			runOnlyForDeploymentPostprocessing = 0;
		};
		406802ED1F78933800A4235C /* Resources */ = {
			isa = PBXResourcesBuildPhase;
			buildActionMask = 2147483647;
			files = (
			);
			runOnlyForDeploymentPostprocessing = 0;
		};
/* End PBXResourcesBuildPhase section */

/* Begin PBXSourcesBuildPhase section */
		406802C71F78933800A4235C /* Sources */ = {
			isa = PBXSourcesBuildPhase;
			buildActionMask = 2147483647;
			files = (
				406802D61F78933800A4235C /* ViewController.m in Sources */,
				406802D31F78933800A4235C /* AppDelegate.m in Sources */,
				406802D01F78933800A4235C /* main.m in Sources */,
			);
			runOnlyForDeploymentPostprocessing = 0;
		};
		406802E01F78933800A4235C /* Sources */ = {
			isa = PBXSourcesBuildPhase;
			buildActionMask = 2147483647;
			files = (
				406802E91F78933800A4235C /* PHFCTests.m in Sources */,
			);
			runOnlyForDeploymentPostprocessing = 0;
		};
		406802EB1F78933800A4235C /* Sources */ = {
			isa = PBXSourcesBuildPhase;
			buildActionMask = 2147483647;
			files = (
				406802F41F78933800A4235C /* PHFCUITests.m in Sources */,
			);
			runOnlyForDeploymentPostprocessing = 0;
		};
/* End PBXSourcesBuildPhase section */

/* Begin PBXTargetDependency section */
		406802E61F78933800A4235C /* PBXTargetDependency */ = {
			isa = PBXTargetDependency;
			target = 406802CA1F78933800A4235C /* PHFC */;
			targetProxy = 406802E51F78933800A4235C /* PBXContainerItemProxy */;
		};
		406802F11F78933800A4235C /* PBXTargetDependency */ = {
			isa = PBXTargetDependency;
			target = 406802CA1F78933800A4235C /* PHFC */;
			targetProxy = 406802F01F78933800A4235C /* PBXContainerItemProxy */;
		};
/* End PBXTargetDependency section */

/* Begin PBXVariantGroup section */
		406802D71F78933800A4235C /* Main.storyboard */ = {
			isa = PBXVariantGroup;
			children = (
				406802D81F78933800A4235C /* Base */,
			);
			name = Main.storyboard;
			sourceTree = "<group>";
		};
		406802DC1F78933800A4235C /* LaunchScreen.storyboard */ = {
			isa = PBXVariantGroup;
			children = (
				406802DD1F78933800A4235C /* Base */,
			);
			name = LaunchScreen.storyboard;
			sourceTree = "<group>";
		};
/* End PBXVariantGroup section */

/* Begin XCBuildConfiguration section */
		406802F61F78933800A4235C /* Debug */ = {
			isa = XCBuildConfiguration;
			buildSettings = {
				ALWAYS_SEARCH_USER_PATHS = NO;
				CLANG_ANALYZER_NONNULL = YES;
				CLANG_ANALYZER_NUMBER_OBJECT_CONVERSION = YES_AGGRESSIVE;
				CLANG_CXX_LANGUAGE_STANDARD = "gnu++0x";
				CLANG_CXX_LIBRARY = "libc++";
				CLANG_ENABLE_MODULES = YES;
				CLANG_ENABLE_OBJC_ARC = YES;
				CLANG_WARN_BOOL_CONVERSION = YES;
				CLANG_WARN_CONSTANT_CONVERSION = YES;
				CLANG_WARN_DIRECT_OBJC_ISA_USAGE = YES_ERROR;
				CLANG_WARN_DOCUMENTATION_COMMENTS = YES;
				CLANG_WARN_EMPTY_BODY = YES;
				CLANG_WARN_ENUM_CONVERSION = YES;
				CLANG_WARN_INFINITE_RECURSION = YES;
				CLANG_WARN_INT_CONVERSION = YES;
				CLANG_WARN_OBJC_ROOT_CLASS = YES_ERROR;
				CLANG_WARN_SUSPICIOUS_MOVE = YES;
				CLANG_WARN_UNREACHABLE_CODE = YES;
				CLANG_WARN__DUPLICATE_METHOD_MATCH = YES;
				"CODE_SIGN_IDENTITY[sdk=iphoneos*]" = "iPhone Developer";
				COPY_PHASE_STRIP = NO;
				DEBUG_INFORMATION_FORMAT = dwarf;
				ENABLE_STRICT_OBJC_MSGSEND = YES;
				ENABLE_TESTABILITY = YES;
				GCC_C_LANGUAGE_STANDARD = gnu99;
				GCC_DYNAMIC_NO_PIC = NO;
				GCC_NO_COMMON_BLOCKS = YES;
				GCC_OPTIMIZATION_LEVEL = 0;
				GCC_PREPROCESSOR_DEFINITIONS = (
					"DEBUG=1",
					"$(inherited)",
				);
				GCC_WARN_64_TO_32_BIT_CONVERSION = YES;
				GCC_WARN_ABOUT_RETURN_TYPE = YES_ERROR;
				GCC_WARN_UNDECLARED_SELECTOR = YES;
				GCC_WARN_UNINITIALIZED_AUTOS = YES_AGGRESSIVE;
				GCC_WARN_UNUSED_FUNCTION = YES;
				GCC_WARN_UNUSED_VARIABLE = YES;
				IPHONEOS_DEPLOYMENT_TARGET = 10.3;
				MTL_ENABLE_DEBUG_INFO = YES;
				ONLY_ACTIVE_ARCH = YES;
				SDKROOT = iphoneos;
			};
			name = Debug;
		};
		406802F71F78933800A4235C /* Release */ = {
			isa = XCBuildConfiguration;
			buildSettings = {
				ALWAYS_SEARCH_USER_PATHS = NO;
				CLANG_ANALYZER_NONNULL = YES;
				CLANG_ANALYZER_NUMBER_OBJECT_CONVERSION = YES_AGGRESSIVE;
				CLANG_CXX_LANGUAGE_STANDARD = "gnu++0x";
				CLANG_CXX_LIBRARY = "libc++";
				CLANG_ENABLE_MODULES = YES;
				CLANG_ENABLE_OBJC_ARC = YES;
				CLANG_WARN_BOOL_CONVERSION = YES;
				CLANG_WARN_CONSTANT_CONVERSION = YES;
				CLANG_WARN_DIRECT_OBJC_ISA_USAGE = YES_ERROR;
				CLANG_WARN_DOCUMENTATION_COMMENTS = YES;
				CLANG_WARN_EMPTY_BODY = YES;
				CLANG_WARN_ENUM_CONVERSION = YES;
				CLANG_WARN_INFINITE_RECURSION = YES;
				CLANG_WARN_INT_CONVERSION = YES;
				CLANG_WARN_OBJC_ROOT_CLASS = YES_ERROR;
				CLANG_WARN_SUSPICIOUS_MOVE = YES;
				CLANG_WARN_UNREACHABLE_CODE = YES;
				CLANG_WARN__DUPLICATE_METHOD_MATCH = YES;
				"CODE_SIGN_IDENTITY[sdk=iphoneos*]" = "iPhone Developer";
				COPY_PHASE_STRIP = NO;
				DEBUG_INFORMATION_FORMAT = "dwarf-with-dsym";
				ENABLE_NS_ASSERTIONS = NO;
				ENABLE_STRICT_OBJC_MSGSEND = YES;
				GCC_C_LANGUAGE_STANDARD = gnu99;
				GCC_NO_COMMON_BLOCKS = YES;
				GCC_WARN_64_TO_32_BIT_CONVERSION = YES;
				GCC_WARN_ABOUT_RETURN_TYPE = YES_ERROR;
				GCC_WARN_UNDECLARED_SELECTOR = YES;
				GCC_WARN_UNINITIALIZED_AUTOS = YES_AGGRESSIVE;
				GCC_WARN_UNUSED_FUNCTION = YES;
				GCC_WARN_UNUSED_VARIABLE = YES;
				IPHONEOS_DEPLOYMENT_TARGET = 10.3;
				MTL_ENABLE_DEBUG_INFO = NO;
				SDKROOT = iphoneos;
				VALIDATE_PRODUCT = YES;
			};
			name = Release;
		};
		406802F91F78933800A4235C /* Debug */ = {
			isa = XCBuildConfiguration;
			buildSettings = {
				ASSETCATALOG_COMPILER_APPICON_NAME = AppIcon;
				DEVELOPMENT_TEAM = 83ERRR57X6;
				INFOPLIST_FILE = PHFC/Info.plist;
				LD_RUNPATH_SEARCH_PATHS = "$(inherited) @executable_path/Frameworks";
				PRODUCT_BUNDLE_IDENTIFIER = "com.phfc.-ClientCenter.PHFC";
				PRODUCT_NAME = "$(TARGET_NAME)";
			};
			name = Debug;
		};
		406802FA1F78933800A4235C /* Release */ = {
			isa = XCBuildConfiguration;
			buildSettings = {
				ASSETCATALOG_COMPILER_APPICON_NAME = AppIcon;
				DEVELOPMENT_TEAM = 83ERRR57X6;
				INFOPLIST_FILE = PHFC/Info.plist;
				LD_RUNPATH_SEARCH_PATHS = "$(inherited) @executable_path/Frameworks";
				PRODUCT_BUNDLE_IDENTIFIER = "com.phfc.-ClientCenter.PHFC";
				PRODUCT_NAME = "$(TARGET_NAME)";
			};
			name = Release;
		};
		406802FC1F78933800A4235C /* Debug */ = {
			isa = XCBuildConfiguration;
			buildSettings = {
				BUNDLE_LOADER = "$(TEST_HOST)";
				DEVELOPMENT_TEAM = 83ERRR57X6;
				INFOPLIST_FILE = PHFCTests/Info.plist;
				LD_RUNPATH_SEARCH_PATHS = "$(inherited) @executable_path/Frameworks @loader_path/Frameworks";
				PRODUCT_BUNDLE_IDENTIFIER = "com.phfc.-ClientCenter.PHFCTests";
				PRODUCT_NAME = "$(TARGET_NAME)";
				TEST_HOST = "$(BUILT_PRODUCTS_DIR)/PHFC.app/PHFC";
			};
			name = Debug;
		};
		406802FD1F78933800A4235C /* Release */ = {
			isa = XCBuildConfiguration;
			buildSettings = {
				BUNDLE_LOADER = "$(TEST_HOST)";
				DEVELOPMENT_TEAM = 83ERRR57X6;
				INFOPLIST_FILE = PHFCTests/Info.plist;
				LD_RUNPATH_SEARCH_PATHS = "$(inherited) @executable_path/Frameworks @loader_path/Frameworks";
				PRODUCT_BUNDLE_IDENTIFIER = "com.phfc.-ClientCenter.PHFCTests";
				PRODUCT_NAME = "$(TARGET_NAME)";
				TEST_HOST = "$(BUILT_PRODUCTS_DIR)/PHFC.app/PHFC";
			};
			name = Release;
		};
		406802FF1F78933800A4235C /* Debug */ = {
			isa = XCBuildConfiguration;
			buildSettings = {
				DEVELOPMENT_TEAM = 83ERRR57X6;
				INFOPLIST_FILE = PHFCUITests/Info.plist;
				LD_RUNPATH_SEARCH_PATHS = "$(inherited) @executable_path/Frameworks @loader_path/Frameworks";
				PRODUCT_BUNDLE_IDENTIFIER = "com.phfc.-ClientCenter.PHFCUITests";
				PRODUCT_NAME = "$(TARGET_NAME)";
				TEST_TARGET_NAME = PHFC;
			};
			name = Debug;
		};
		406803001F78933800A4235C /* Release */ = {
			isa = XCBuildConfiguration;
			buildSettings = {
				DEVELOPMENT_TEAM = 83ERRR57X6;
				INFOPLIST_FILE = PHFCUITests/Info.plist;
				LD_RUNPATH_SEARCH_PATHS = "$(inherited) @executable_path/Frameworks @loader_path/Frameworks";
				PRODUCT_BUNDLE_IDENTIFIER = "com.phfc.-ClientCenter.PHFCUITests";
				PRODUCT_NAME = "$(TARGET_NAME)";
				TEST_TARGET_NAME = PHFC;
			};
			name = Release;
		};
/* End XCBuildConfiguration section */

/* Begin XCConfigurationList section */
		406802C61F78933800A4235C /* Build configuration list for PBXProject "PHFC" */ = {
			isa = XCConfigurationList;
			buildConfigurations = (
				406802F61F78933800A4235C /* Debug */,
				406802F71F78933800A4235C /* Release */,
			);
			defaultConfigurationIsVisible = 0;
			defaultConfigurationName = Release;
		};
		406802F81F78933800A4235C /* Build configuration list for PBXNativeTarget "PHFC" */ = {
			isa = XCConfigurationList;
			buildConfigurations = (
				406802F91F78933800A4235C /* Debug */,
				406802FA1F78933800A4235C /* Release */,
			);
			defaultConfigurationIsVisible = 0;
		};
		406802FB1F78933800A4235C /* Build configuration list for PBXNativeTarget "PHFCTests" */ = {
			isa = XCConfigurationList;
			buildConfigurations = (
				406802FC1F78933800A4235C /* Debug */,
				406802FD1F78933800A4235C /* Release */,
			);
			defaultConfigurationIsVisible = 0;
		};
		406802FE1F78933800A4235C /* Build configuration list for PBXNativeTarget "PHFCUITests" */ = {
			isa = XCConfigurationList;
			buildConfigurations = (
				406802FF1F78933800A4235C /* Debug */,
				406803001F78933800A4235C /* Release */,
			);
			defaultConfigurationIsVisible = 0;
		};
/* End XCConfigurationList section */
	};
	rootObject = 406802C31F78933800A4235C /* Project object */;
}
